
Microsoft Visual Studio Solution File, Format Version 12.00
# Visual Studio Version 17
VisualStudioVersion = 17.12.35527.113
MinimumVisualStudioVersion = 10.0.40219.1
Project("{FAE04EC0-301F-11D3-BF4B-00C04F79EFBC}") = "ezra.Server", "ezra.Server\ezra.Server.csproj", "{CBFDB439-0F36-4836-8631-FE4FB77D763B}"
EndProject
Project("{54A90642-561A-4BB1-A94E-469ADEE60C69}") = "ezra.client", "ezra.client\ezra.client.esproj", "{E7D55562-6BEE-488D-A343-840EA8112C3F}"
EndProject
Project("{FAE04EC0-301F-11D3-BF4B-00C04F79EFBC}") = "ezra.Server.Tests", "ezra.Server.Tests\ezra.Server.Tests.csproj", "{38E66E55-E4C8-4722-8325-C7FBE69AB580}"
EndProject
Global
	GlobalSection(SolutionConfigurationPlatforms) = preSolution
		Debug|Any CPU = Debug|Any CPU
		Release|Any CPU = Release|Any CPU
	EndGlobalSection
	GlobalSection(ProjectConfigurationPlatforms) = postSolution
		{CBFDB439-0F36-4836-8631-FE4FB77D763B}.Debug|Any CPU.ActiveCfg = Debug|Any CPU
		{CBFDB439-0F36-4836-8631-FE4FB77D763B}.Debug|Any CPU.Build.0 = Debug|Any CPU
		{CBFDB439-0F36-4836-8631-FE4FB77D763B}.Release|Any CPU.ActiveCfg = Release|Any CPU
		{CBFDB439-0F36-4836-8631-FE4FB77D763B}.Release|Any CPU.Build.0 = Release|Any CPU
		{E7D55562-6BEE-488D-A343-840EA8112C3F}.Debug|Any CPU.ActiveCfg = Debug|Any CPU
		{E7D55562-6BEE-488D-A343-840EA8112C3F}.Debug|Any CPU.Build.0 = Debug|Any CPU
		{E7D55562-6BEE-488D-A343-840EA8112C3F}.Debug|Any CPU.Deploy.0 = Debug|Any CPU
		{E7D55562-6BEE-488D-A343-840EA8112C3F}.Release|Any CPU.ActiveCfg = Release|Any CPU
		{E7D55562-6BEE-488D-A343-840EA8112C3F}.Release|Any CPU.Build.0 = Release|Any CPU
		{E7D55562-6BEE-488D-A343-840EA8112C3F}.Release|Any CPU.Deploy.0 = Release|Any CPU
		{38E66E55-E4C8-4722-8325-C7FBE69AB580}.Debug|Any CPU.ActiveCfg = Debug|Any CPU
		{38E66E55-E4C8-4722-8325-C7FBE69AB580}.Debug|Any CPU.Build.0 = Debug|Any CPU
		{38E66E55-E4C8-4722-8325-C7FBE69AB580}.Release|Any CPU.ActiveCfg = Release|Any CPU
		{38E66E55-E4C8-4722-8325-C7FBE69AB580}.Release|Any CPU.Build.0 = Release|Any CPU
	EndGlobalSection
	GlobalSection(SolutionProperties) = preSolution
		HideSolutionNode = FALSE
	EndGlobalSection
EndGlobal
